
Microsoft Visual Studio Solution File, Format Version 12.00
# Visual Studio 14
VisualStudioVersion = 14.0.23107.0
MinimumVisualStudioVersion = 10.0.40219.1
Project("{FAE04EC0-301F-11D3-BF4B-00C04F79EFBC}") = "YDI1SwapProgram", "YDI1SwapProgram\YDI1SwapProgram.csproj", "{3277B941-3230-45D5-AAC3-D25037DE17A5}"
EndProject
Project("{FAE04EC0-301F-11D3-BF4B-00C04F79EFBC}") = "YDI2OverloadedTriples", "YDI2OverloadedTriples\YDI2OverloadedTriples.csproj", "{254FF32C-F4DD-4085-956B-73CAD9FAB9B5}"
EndProject
Project("{FAE04EC0-301F-11D3-BF4B-00C04F79EFBC}") = "LAB1AReverse3", "LAB1AReverse3\LAB1AReverse3.csproj", "{5CBF64EB-17E3-47F7-A86D-DADF8719D38E}"
EndProject
Project("{FAE04EC0-301F-11D3-BF4B-00C04F79EFBC}") = "LAB1BReverse4", "LAB1BReverse4\LAB1BReverse4.csproj", "{963EC249-CE1D-455A-B650-8C8834FBF807}"
EndProject
Project("{FAE04EC0-301F-11D3-BF4B-00C04F79EFBC}") = "RevTest", "RevTest\RevTest.csproj", "{D249D152-1F29-4C63-B0C2-7D4F21934D1D}"
EndProject
Project("{FAE04EC0-301F-11D3-BF4B-00C04F79EFBC}") = "LAB2IntegerFacts", "LAB2IntegerFacts\LAB2IntegerFacts.csproj", "{DA021C7F-F0B8-4F38-A064-CABEAE8E30EB}"
EndProject
Project("{FAE04EC0-301F-11D3-BF4B-00C04F79EFBC}") = "LAB3FoodOrder", "LAB3FoodOrder\LAB3FoodOrder.csproj", "{4F013F22-D476-4DEA-BB87-408D9AA8C218}"
EndProject
Project("{FAE04EC0-301F-11D3-BF4B-00C04F79EFBC}") = "LAB4Auction", "LAB4Auction\LAB4Auction.csproj", "{28EAA36C-9ABE-4808-9B64-A5F0CE0015EF}"
EndProject
Project("{FAE04EC0-301F-11D3-BF4B-00C04F79EFBC}") = "LAB5BonusCalculation", "LAB5BonusCalculation\LAB5BonusCalculation.csproj", "{7DD25584-B99F-487D-865F-09025BF32A42}"
EndProject
Project("{FAE04EC0-301F-11D3-BF4B-00C04F79EFBC}") = "LAB6InputMethodDemo2", "LAB6InputMethodDemo2\LAB6InputMethodDemo2.csproj", "{83F41109-C93D-4FB8-91A4-FD0B4B0D3F2F}"
EndProject
Project("{FAE04EC0-301F-11D3-BF4B-00C04F79EFBC}") = "LAB7Averages", "LAB7Averages\LAB7Averages.csproj", "{50AAA78D-A81C-41A7-83B2-689B10D511C9}"
EndProject
Project("{FAE04EC0-301F-11D3-BF4B-00C04F79EFBC}") = "LAB8Desks2", "LAB8Desks2\LAB8Desks2.csproj", "{9D0E7B78-4539-435F-811D-EC13F997173B}"
EndProject
Project("{FAE04EC0-301F-11D3-BF4B-00C04F79EFBC}") = "LAB9SortWords", "LAB9SortWords\LAB9SortWords.csproj", "{A7767AD9-1196-4971-9CDF-5E4072621395}"
EndProject
Project("{FAE04EC0-301F-11D3-BF4B-00C04F79EFBC}") = "LAB10Movie", "LAB10Movie\LAB10Movie.csproj", "{3EE5549F-E9D2-427A-B9F9-5A160982B8AB}"
EndProject
Project("{FAE04EC0-301F-11D3-BF4B-00C04F79EFBC}") = "LAB7AveragesRedo", "LAB7AveragesRedo\LAB7AveragesRedo.csproj", "{B4846A70-616F-460D-81AF-B817B5AFF370}"
EndProject
Global
	GlobalSection(SolutionConfigurationPlatforms) = preSolution
		Debug|Any CPU = Debug|Any CPU
		Release|Any CPU = Release|Any CPU
	EndGlobalSection
	GlobalSection(ProjectConfigurationPlatforms) = postSolution
		{3277B941-3230-45D5-AAC3-D25037DE17A5}.Debug|Any CPU.ActiveCfg = Debug|Any CPU
		{3277B941-3230-45D5-AAC3-D25037DE17A5}.Debug|Any CPU.Build.0 = Debug|Any CPU
		{3277B941-3230-45D5-AAC3-D25037DE17A5}.Release|Any CPU.ActiveCfg = Release|Any CPU
		{3277B941-3230-45D5-AAC3-D25037DE17A5}.Release|Any CPU.Build.0 = Release|Any CPU
		{254FF32C-F4DD-4085-956B-73CAD9FAB9B5}.Debug|Any CPU.ActiveCfg = Debug|Any CPU
		{254FF32C-F4DD-4085-956B-73CAD9FAB9B5}.Debug|Any CPU.Build.0 = Debug|Any CPU
		{254FF32C-F4DD-4085-956B-73CAD9FAB9B5}.Release|Any CPU.ActiveCfg = Release|Any CPU
		{254FF32C-F4DD-4085-956B-73CAD9FAB9B5}.Release|Any CPU.Build.0 = Release|Any CPU
		{5CBF64EB-17E3-47F7-A86D-DADF8719D38E}.Debug|Any CPU.ActiveCfg = Debug|Any CPU
		{5CBF64EB-17E3-47F7-A86D-DADF8719D38E}.Debug|Any CPU.Build.0 = Debug|Any CPU
		{5CBF64EB-17E3-47F7-A86D-DADF8719D38E}.Release|Any CPU.ActiveCfg = Release|Any CPU
		{5CBF64EB-17E3-47F7-A86D-DADF8719D38E}.Release|Any CPU.Build.0 = Release|Any CPU
		{963EC249-CE1D-455A-B650-8C8834FBF807}.Debug|Any CPU.ActiveCfg = Debug|Any CPU
		{963EC249-CE1D-455A-B650-8C8834FBF807}.Debug|Any CPU.Build.0 = Debug|Any CPU
		{963EC249-CE1D-455A-B650-8C8834FBF807}.Release|Any CPU.ActiveCfg = Release|Any CPU
		{963EC249-CE1D-455A-B650-8C8834FBF807}.Release|Any CPU.Build.0 = Release|Any CPU
		{D249D152-1F29-4C63-B0C2-7D4F21934D1D}.Debug|Any CPU.ActiveCfg = Debug|Any CPU
		{D249D152-1F29-4C63-B0C2-7D4F21934D1D}.Debug|Any CPU.Build.0 = Debug|Any CPU
		{D249D152-1F29-4C63-B0C2-7D4F21934D1D}.Release|Any CPU.ActiveCfg = Release|Any CPU
		{D249D152-1F29-4C63-B0C2-7D4F21934D1D}.Release|Any CPU.Build.0 = Release|Any CPU
		{DA021C7F-F0B8-4F38-A064-CABEAE8E30EB}.Debug|Any CPU.ActiveCfg = Debug|Any CPU
		{DA021C7F-F0B8-4F38-A064-CABEAE8E30EB}.Debug|Any CPU.Build.0 = Debug|Any CPU
		{DA021C7F-F0B8-4F38-A064-CABEAE8E30EB}.Release|Any CPU.ActiveCfg = Release|Any CPU
		{DA021C7F-F0B8-4F38-A064-CABEAE8E30EB}.Release|Any CPU.Build.0 = Release|Any CPU
		{4F013F22-D476-4DEA-BB87-408D9AA8C218}.Debug|Any CPU.ActiveCfg = Debug|Any CPU
		{4F013F22-D476-4DEA-BB87-408D9AA8C218}.Debug|Any CPU.Build.0 = Debug|Any CPU
		{4F013F22-D476-4DEA-BB87-408D9AA8C218}.Release|Any CPU.ActiveCfg = Release|Any CPU
		{4F013F22-D476-4DEA-BB87-408D9AA8C218}.Release|Any CPU.Build.0 = Release|Any CPU
		{28EAA36C-9ABE-4808-9B64-A5F0CE0015EF}.Debug|Any CPU.ActiveCfg = Debug|Any CPU
		{28EAA36C-9ABE-4808-9B64-A5F0CE0015EF}.Debug|Any CPU.Build.0 = Debug|Any CPU
		{28EAA36C-9ABE-4808-9B64-A5F0CE0015EF}.Release|Any CPU.ActiveCfg = Release|Any CPU
		{28EAA36C-9ABE-4808-9B64-A5F0CE0015EF}.Release|Any CPU.Build.0 = Release|Any CPU
		{7DD25584-B99F-487D-865F-09025BF32A42}.Debug|Any CPU.ActiveCfg = Debug|Any CPU
		{7DD25584-B99F-487D-865F-09025BF32A42}.Debug|Any CPU.Build.0 = Debug|Any CPU
		{7DD25584-B99F-487D-865F-09025BF32A42}.Release|Any CPU.ActiveCfg = Release|Any CPU
		{7DD25584-B99F-487D-865F-09025BF32A42}.Release|Any CPU.Build.0 = Release|Any CPU
		{83F41109-C93D-4FB8-91A4-FD0B4B0D3F2F}.Debug|Any CPU.ActiveCfg = Debug|Any CPU
		{83F41109-C93D-4FB8-91A4-FD0B4B0D3F2F}.Debug|Any CPU.Build.0 = Debug|Any CPU
		{83F41109-C93D-4FB8-91A4-FD0B4B0D3F2F}.Release|Any CPU.ActiveCfg = Release|Any CPU
		{83F41109-C93D-4FB8-91A4-FD0B4B0D3F2F}.Release|Any CPU.Build.0 = Release|Any CPU
		{50AAA78D-A81C-41A7-83B2-689B10D511C9}.Debug|Any CPU.ActiveCfg = Debug|Any CPU
		{50AAA78D-A81C-41A7-83B2-689B10D511C9}.Debug|Any CPU.Build.0 = Debug|Any CPU
		{50AAA78D-A81C-41A7-83B2-689B10D511C9}.Release|Any CPU.ActiveCfg = Release|Any CPU
		{50AAA78D-A81C-41A7-83B2-689B10D511C9}.Release|Any CPU.Build.0 = Release|Any CPU
		{9D0E7B78-4539-435F-811D-EC13F997173B}.Debug|Any CPU.ActiveCfg = Debug|Any CPU
		{9D0E7B78-4539-435F-811D-EC13F997173B}.Debug|Any CPU.Build.0 = Debug|Any CPU
		{9D0E7B78-4539-435F-811D-EC13F997173B}.Release|Any CPU.ActiveCfg = Release|Any CPU
		{9D0E7B78-4539-435F-811D-EC13F997173B}.Release|Any CPU.Build.0 = Release|Any CPU
		{A7767AD9-1196-4971-9CDF-5E4072621395}.Debug|Any CPU.ActiveCfg = Debug|Any CPU
		{A7767AD9-1196-4971-9CDF-5E4072621395}.Debug|Any CPU.Build.0 = Debug|Any CPU
		{A7767AD9-1196-4971-9CDF-5E4072621395}.Release|Any CPU.ActiveCfg = Release|Any CPU
		{A7767AD9-1196-4971-9CDF-5E4072621395}.Release|Any CPU.Build.0 = Release|Any CPU
		{3EE5549F-E9D2-427A-B9F9-5A160982B8AB}.Debug|Any CPU.ActiveCfg = Debug|Any CPU
		{3EE5549F-E9D2-427A-B9F9-5A160982B8AB}.Debug|Any CPU.Build.0 = Debug|Any CPU
		{3EE5549F-E9D2-427A-B9F9-5A160982B8AB}.Release|Any CPU.ActiveCfg = Release|Any CPU
		{3EE5549F-E9D2-427A-B9F9-5A160982B8AB}.Release|Any CPU.Build.0 = Release|Any CPU
		{B4846A70-616F-460D-81AF-B817B5AFF370}.Debug|Any CPU.ActiveCfg = Debug|Any CPU
		{B4846A70-616F-460D-81AF-B817B5AFF370}.Debug|Any CPU.Build.0 = Debug|Any CPU
		{B4846A70-616F-460D-81AF-B817B5AFF370}.Release|Any CPU.ActiveCfg = Release|Any CPU
		{B4846A70-616F-460D-81AF-B817B5AFF370}.Release|Any CPU.Build.0 = Release|Any CPU
	EndGlobalSection
	GlobalSection(SolutionProperties) = preSolution
		HideSolutionNode = FALSE
	EndGlobalSection
EndGlobal
