
Microsoft Visual Studio Solution File, Format Version 12.00
# Visual Studio 14
VisualStudioVersion = 14.0.23107.0
MinimumVisualStudioVersion = 10.0.40219.1
Project("{FAE04EC0-301F-11D3-BF4B-00C04F79EFBC}") = "HOT4_1Fibonacci", "HOT4_1Fibonacci\HOT4_1Fibonacci.csproj", "{F2F0B918-055B-4AF7-9C2E-438A2325D30F}"
EndProject
Project("{FAE04EC0-301F-11D3-BF4B-00C04F79EFBC}") = "HOT4_2", "HOT4_2\HOT4_2.csproj", "{53D61A79-3C9C-453C-AE6D-66F72A0F701F}"
EndProject
Project("{FAE04EC0-301F-11D3-BF4B-00C04F79EFBC}") = "HOT4_3Credit", "HOT4_3Credit\HOT4_3Credit.csproj", "{579D0803-142C-45A1-95CB-1C029F432FE2}"
EndProject
Global
	GlobalSection(SolutionConfigurationPlatforms) = preSolution
		Debug|Any CPU = Debug|Any CPU
		Release|Any CPU = Release|Any CPU
	EndGlobalSection
	GlobalSection(ProjectConfigurationPlatforms) = postSolution
		{F2F0B918-055B-4AF7-9C2E-438A2325D30F}.Debug|Any CPU.ActiveCfg = Debug|Any CPU
		{F2F0B918-055B-4AF7-9C2E-438A2325D30F}.Debug|Any CPU.Build.0 = Debug|Any CPU
		{F2F0B918-055B-4AF7-9C2E-438A2325D30F}.Release|Any CPU.ActiveCfg = Release|Any CPU
		{F2F0B918-055B-4AF7-9C2E-438A2325D30F}.Release|Any CPU.Build.0 = Release|Any CPU
		{53D61A79-3C9C-453C-AE6D-66F72A0F701F}.Debug|Any CPU.ActiveCfg = Debug|Any CPU
		{53D61A79-3C9C-453C-AE6D-66F72A0F701F}.Debug|Any CPU.Build.0 = Debug|Any CPU
		{53D61A79-3C9C-453C-AE6D-66F72A0F701F}.Release|Any CPU.ActiveCfg = Release|Any CPU
		{53D61A79-3C9C-453C-AE6D-66F72A0F701F}.Release|Any CPU.Build.0 = Release|Any CPU
		{579D0803-142C-45A1-95CB-1C029F432FE2}.Debug|Any CPU.ActiveCfg = Debug|Any CPU
		{579D0803-142C-45A1-95CB-1C029F432FE2}.Debug|Any CPU.Build.0 = Debug|Any CPU
		{579D0803-142C-45A1-95CB-1C029F432FE2}.Release|Any CPU.ActiveCfg = Release|Any CPU
		{579D0803-142C-45A1-95CB-1C029F432FE2}.Release|Any CPU.Build.0 = Release|Any CPU
	EndGlobalSection
	GlobalSection(SolutionProperties) = preSolution
		HideSolutionNode = FALSE
	EndGlobalSection
EndGlobal
