
Microsoft Visual Studio Solution File, Format Version 12.00
# Visual Studio 14
VisualStudioVersion = 14.0.23107.0
MinimumVisualStudioVersion = 10.0.40219.1
Project("{FAE04EC0-301F-11D3-BF4B-00C04F79EFBC}") = "HOT1AArithmeticException", "HOT1AArithmeticException\HOT1AArithmeticException.csproj", "{E44C90AB-EA09-4052-B17F-BE15EC3023AE}"
EndProject
Project("{FAE04EC0-301F-11D3-BF4B-00C04F79EFBC}") = "HOT2Employee", "HOT2Employee\HOT2Employee.csproj", "{591BA42B-BB7E-4415-A42A-9511E5C3B1C9}"
EndProject
Global
	GlobalSection(SolutionConfigurationPlatforms) = preSolution
		Debug|Any CPU = Debug|Any CPU
		Release|Any CPU = Release|Any CPU
	EndGlobalSection
	GlobalSection(ProjectConfigurationPlatforms) = postSolution
		{E44C90AB-EA09-4052-B17F-BE15EC3023AE}.Debug|Any CPU.ActiveCfg = Debug|Any CPU
		{E44C90AB-EA09-4052-B17F-BE15EC3023AE}.Debug|Any CPU.Build.0 = Debug|Any CPU
		{E44C90AB-EA09-4052-B17F-BE15EC3023AE}.Release|Any CPU.ActiveCfg = Release|Any CPU
		{E44C90AB-EA09-4052-B17F-BE15EC3023AE}.Release|Any CPU.Build.0 = Release|Any CPU
		{591BA42B-BB7E-4415-A42A-9511E5C3B1C9}.Debug|Any CPU.ActiveCfg = Debug|Any CPU
		{591BA42B-BB7E-4415-A42A-9511E5C3B1C9}.Debug|Any CPU.Build.0 = Debug|Any CPU
		{591BA42B-BB7E-4415-A42A-9511E5C3B1C9}.Release|Any CPU.ActiveCfg = Release|Any CPU
		{591BA42B-BB7E-4415-A42A-9511E5C3B1C9}.Release|Any CPU.Build.0 = Release|Any CPU
	EndGlobalSection
	GlobalSection(SolutionProperties) = preSolution
		HideSolutionNode = FALSE
	EndGlobalSection
EndGlobal
