
Microsoft Visual Studio Solution File, Format Version 12.00
# Visual Studio 14
VisualStudioVersion = 14.0.23107.0
MinimumVisualStudioVersion = 10.0.40219.1
Project("{FAE04EC0-301F-11D3-BF4B-00C04F79EFBC}") = "HOT3_1", "HOT3_1\HOT3_1.csproj", "{CBAC6336-97AE-4E1E-A930-6A8D62B05C21}"
EndProject
Project("{FAE04EC0-301F-11D3-BF4B-00C04F79EFBC}") = "HOT3_2", "HOT3_2\HOT3_2.csproj", "{69460795-0A26-4B44-A561-D956E7024F1B}"
EndProject
Global
	GlobalSection(SolutionConfigurationPlatforms) = preSolution
		Debug|Any CPU = Debug|Any CPU
		Release|Any CPU = Release|Any CPU
	EndGlobalSection
	GlobalSection(ProjectConfigurationPlatforms) = postSolution
		{CBAC6336-97AE-4E1E-A930-6A8D62B05C21}.Debug|Any CPU.ActiveCfg = Debug|Any CPU
		{CBAC6336-97AE-4E1E-A930-6A8D62B05C21}.Debug|Any CPU.Build.0 = Debug|Any CPU
		{CBAC6336-97AE-4E1E-A930-6A8D62B05C21}.Release|Any CPU.ActiveCfg = Release|Any CPU
		{CBAC6336-97AE-4E1E-A930-6A8D62B05C21}.Release|Any CPU.Build.0 = Release|Any CPU
		{69460795-0A26-4B44-A561-D956E7024F1B}.Debug|Any CPU.ActiveCfg = Debug|Any CPU
		{69460795-0A26-4B44-A561-D956E7024F1B}.Debug|Any CPU.Build.0 = Debug|Any CPU
		{69460795-0A26-4B44-A561-D956E7024F1B}.Release|Any CPU.ActiveCfg = Release|Any CPU
		{69460795-0A26-4B44-A561-D956E7024F1B}.Release|Any CPU.Build.0 = Release|Any CPU
	EndGlobalSection
	GlobalSection(SolutionProperties) = preSolution
		HideSolutionNode = FALSE
	EndGlobalSection
EndGlobal
